
Microsoft Visual Studio Solution File, Format Version 12.00
# Visual Studio Version 17
VisualStudioVersion = 17.3.32922.545
MinimumVisualStudioVersion = 10.0.40219.1
Project("{9A19103F-16F7-4668-BE54-9A1E7A4F7556}") = "AdventureRealms", "AdventureRealms\AdventureRealms.csproj", "{3E6799B6-317C-4D96-B6E5-7BA7BD9619F3}"
EndProject
Project("{FAE04EC0-301F-11D3-BF4B-00C04F79EFBC}") = "AdventureRealms.Tests", "AdventureRealms.Tests\AdventureRealms.Tests.csproj", "{94FA2822-FD23-441A-95C6-03C3464448DC}"
EndProject
Global
	GlobalSection(SolutionConfigurationPlatforms) = preSolution
		Debug|Any CPU = Debug|Any CPU
		Release|Any CPU = Release|Any CPU
	EndGlobalSection
	GlobalSection(ProjectConfigurationPlatforms) = postSolution
		{3E6799B6-317C-4D96-B6E5-7BA7BD9619F3}.Debug|Any CPU.ActiveCfg = Debug|Any CPU
		{3E6799B6-317C-4D96-B6E5-7BA7BD9619F3}.Debug|Any CPU.Build.0 = Debug|Any CPU
		{3E6799B6-317C-4D96-B6E5-7BA7BD9619F3}.Release|Any CPU.ActiveCfg = Release|Any CPU
		{3E6799B6-317C-4D96-B6E5-7BA7BD9619F3}.Release|Any CPU.Build.0 = Release|Any CPU
		{94FA2822-FD23-441A-95C6-03C3464448DC}.Debug|Any CPU.ActiveCfg = Debug|Any CPU
		{94FA2822-FD23-441A-95C6-03C3464448DC}.Debug|Any CPU.Build.0 = Debug|Any CPU
		{94FA2822-FD23-441A-95C6-03C3464448DC}.Release|Any CPU.ActiveCfg = Release|Any CPU
		{94FA2822-FD23-441A-95C6-03C3464448DC}.Release|Any CPU.Build.0 = Release|Any CPU
	EndGlobalSection
	GlobalSection(SolutionProperties) = preSolution
		HideSolutionNode = FALSE
	EndGlobalSection
	GlobalSection(ExtensibilityGlobals) = postSolution
		SolutionGuid = {972E0459-AC19-40F7-9549-3F3F5A45D1DB}
	EndGlobalSection
EndGlobal
